
Microsoft Visual Studio Solution File, Format Version 12.00
# Visual Studio 15
VisualStudioVersion = 15.0.26403.3
MinimumVisualStudioVersion = 10.0.40219.1
Project("{FAE04EC0-301F-11D3-BF4B-00C04F79EFBC}") = "MapGraph.View", "MapGraph\MapGraph.View.csproj", "{277EA56A-AD0A-44B5-85CC-416B32F9E0D2}"
EndProject
Project("{FAE04EC0-301F-11D3-BF4B-00C04F79EFBC}") = "MapGraph.Model", "MapGraph.Model\MapGraph.Model.csproj", "{EDBEBA5D-0D49-4B64-8AA6-EED9488F5797}"
EndProject
Project("{FAE04EC0-301F-11D3-BF4B-00C04F79EFBC}") = "MapGraph.Controller", "MapGraph.Control\MapGraph.Controller.csproj", "{62AF601B-1B45-4740-8D6F-9008287BC9C6}"
EndProject
Global
	GlobalSection(SolutionConfigurationPlatforms) = preSolution
		Debug|Any CPU = Debug|Any CPU
		Release|Any CPU = Release|Any CPU
	EndGlobalSection
	GlobalSection(ProjectConfigurationPlatforms) = postSolution
		{277EA56A-AD0A-44B5-85CC-416B32F9E0D2}.Debug|Any CPU.ActiveCfg = Debug|Any CPU
		{277EA56A-AD0A-44B5-85CC-416B32F9E0D2}.Debug|Any CPU.Build.0 = Debug|Any CPU
		{277EA56A-AD0A-44B5-85CC-416B32F9E0D2}.Release|Any CPU.ActiveCfg = Release|Any CPU
		{277EA56A-AD0A-44B5-85CC-416B32F9E0D2}.Release|Any CPU.Build.0 = Release|Any CPU
		{EDBEBA5D-0D49-4B64-8AA6-EED9488F5797}.Debug|Any CPU.ActiveCfg = Debug|Any CPU
		{EDBEBA5D-0D49-4B64-8AA6-EED9488F5797}.Debug|Any CPU.Build.0 = Debug|Any CPU
		{EDBEBA5D-0D49-4B64-8AA6-EED9488F5797}.Release|Any CPU.ActiveCfg = Release|Any CPU
		{EDBEBA5D-0D49-4B64-8AA6-EED9488F5797}.Release|Any CPU.Build.0 = Release|Any CPU
		{62AF601B-1B45-4740-8D6F-9008287BC9C6}.Debug|Any CPU.ActiveCfg = Debug|Any CPU
		{62AF601B-1B45-4740-8D6F-9008287BC9C6}.Debug|Any CPU.Build.0 = Debug|Any CPU
		{62AF601B-1B45-4740-8D6F-9008287BC9C6}.Release|Any CPU.ActiveCfg = Release|Any CPU
		{62AF601B-1B45-4740-8D6F-9008287BC9C6}.Release|Any CPU.Build.0 = Release|Any CPU
	EndGlobalSection
	GlobalSection(SolutionProperties) = preSolution
		HideSolutionNode = FALSE
	EndGlobalSection
EndGlobal
